
Microsoft Visual Studio Solution File, Format Version 12.00
# Visual Studio Version 17
VisualStudioVersion = 17.5.33516.290
MinimumVisualStudioVersion = 10.0.40219.1
Project("{9A19103F-16F7-4668-BE54-9A1E7A4F7556}") = "MyGameCity", "MyGameCity\MyGameCity.csproj", "{28CA8327-1071-4A60-ABC5-95A710B77B80}"
EndProject
Project("{FAE04EC0-301F-11D3-BF4B-00C04F79EFBC}") = "MyGameCity.DAL", "MyGameCity.DAL\MyGameCity.DAL.csproj", "{EFB74FD4-5C89-4DA1-9F57-3B6832F2B16A}"
EndProject
Global
	GlobalSection(SolutionConfigurationPlatforms) = preSolution
		Debug|Any CPU = Debug|Any CPU
		Release|Any CPU = Release|Any CPU
	EndGlobalSection
	GlobalSection(ProjectConfigurationPlatforms) = postSolution
		{28CA8327-1071-4A60-ABC5-95A710B77B80}.Debug|Any CPU.ActiveCfg = Debug|Any CPU
		{28CA8327-1071-4A60-ABC5-95A710B77B80}.Debug|Any CPU.Build.0 = Debug|Any CPU
		{28CA8327-1071-4A60-ABC5-95A710B77B80}.Release|Any CPU.ActiveCfg = Release|Any CPU
		{28CA8327-1071-4A60-ABC5-95A710B77B80}.Release|Any CPU.Build.0 = Release|Any CPU
		{EFB74FD4-5C89-4DA1-9F57-3B6832F2B16A}.Debug|Any CPU.ActiveCfg = Debug|Any CPU
		{EFB74FD4-5C89-4DA1-9F57-3B6832F2B16A}.Debug|Any CPU.Build.0 = Debug|Any CPU
		{EFB74FD4-5C89-4DA1-9F57-3B6832F2B16A}.Release|Any CPU.ActiveCfg = Release|Any CPU
		{EFB74FD4-5C89-4DA1-9F57-3B6832F2B16A}.Release|Any CPU.Build.0 = Release|Any CPU
	EndGlobalSection
	GlobalSection(SolutionProperties) = preSolution
		HideSolutionNode = FALSE
	EndGlobalSection
	GlobalSection(ExtensibilityGlobals) = postSolution
		SolutionGuid = {E094C1E8-D763-4397-ACA9-CC1979B3A223}
	EndGlobalSection
EndGlobal
